
Microsoft Visual Studio Solution File, Format Version 12.00
# Visual Studio Version 17
VisualStudioVersion = 17.14.36109.1 d17.14
MinimumVisualStudioVersion = 10.0.40219.1
Project("{FAE04EC0-301F-11D3-BF4B-00C04F79EFBC}") = "DogsApp", "DogsApp\DogsApp.csproj", "{15EFD63B-8B92-475F-91DF-4EB289F47FEC}"
EndProject
Global
	GlobalSection(SolutionConfigurationPlatforms) = preSolution
		Debug|Any CPU = Debug|Any CPU
		Release|Any CPU = Release|Any CPU
	EndGlobalSection
	GlobalSection(ProjectConfigurationPlatforms) = postSolution
		{15EFD63B-8B92-475F-91DF-4EB289F47FEC}.Debug|Any CPU.ActiveCfg = Debug|Any CPU
		{15EFD63B-8B92-475F-91DF-4EB289F47FEC}.Debug|Any CPU.Build.0 = Debug|Any CPU
		{15EFD63B-8B92-475F-91DF-4EB289F47FEC}.Release|Any CPU.ActiveCfg = Release|Any CPU
		{15EFD63B-8B92-475F-91DF-4EB289F47FEC}.Release|Any CPU.Build.0 = Release|Any CPU
	EndGlobalSection
	GlobalSection(SolutionProperties) = preSolution
		HideSolutionNode = FALSE
	EndGlobalSection
	GlobalSection(ExtensibilityGlobals) = postSolution
		SolutionGuid = {670170FB-BF2E-4DF0-959C-7C20620E4AB8}
	EndGlobalSection
EndGlobal
